github.com/cpuguy83/go-md2man/v2 v2.0.6/go.mod h1:oOW0eioCTA6cOiMLiUPZOpcVxMig6NIQQ7OS05n1F4g=
github.com/creasty/defaults v1.11.0 h1:lZ8c5bHZGtyIeumdTPXKOKkHtNL+qQWVrGhNPGqeFww=
github.com/creasty/defaults v1.11.0/go.mod h1:TGHvg4OCP/fVv+yotLzg97i5PKrF+iZSvg6Kmm7Y12Y=
github.com/gobeam/stringy v0.0.7 h1:TD8SfhedUoiANhW88JlJqfrMsihskIRpU/VTsHGnAps=
github.com/gobeam/stringy v0.0.7/go.mod h1:W3620X9dJHf2FSZF5fRnWekHcHQjwmCz8ZQ2d1qloqE=
github.com/inconshreveable/mousetrap v1.1.0 h1:wN+x4NVGpMsO7ErUn/mUI3vEoE6Jt13X2s0bqwp9tc8=
github.com/inconshreveable/mousetrap v1.1.0/go.mod h1:vpF70FUmC8bwa3OWnCshd2FqLfsEA9PFc4w1p2J65bw=
github.com/russross/blackfriday/v2 v2.1.0/go.mod h1:+Rmxgy9KzJVeS9/2gXHxylqXiyQDYRxCVz55jmeOWTM=
github.com/shopspring/decimal v1.4.0 h1:bxl37RwXBklmTi0C79JfXCEBD1cqqHt0bbgBAGFp81k=
github.com/shopspring/decimal v1.4.0/go.mod h1:gawqmDU56v4yIKSwfBSFip1HdCCXN8/+DMd9qYNcwME=
github.com/spf13/cobra v1.10.2 h1:DMTTonx5m65Ic0GOoRY2c16WCbHxOOw6xxezuLaBpcU=
github.com/spf13/cobra v1.10.2/go.mod h1:7C1pvHqHw5A4vrJfjNwvOdzYu0Gml16OCs2GRiTUUS4=
github.com/spf13/pflag v1.0.9/go.mod h1:McXfInJRrz4CZXVZOBLb0bTZqETkiAhM9Iw0y3An2Bg=
github.com/spf13/pflag v1.0.10 h1:4EBh2KAYBwaONj6b2Ye1GiHfwjqyROoF4RwYO+vPwFk=
github.com/spf13/pflag v1.0.10/go.mod h1:McXfInJRrz4CZXVZOBLb0bTZqETkiAhM9Iw0y3An2Bg=
github.com/stretchr/testify v1.12.1 h1:EuwCh5fleGS7H32xRwO3wRGT7DxrDhLAT6FF8MpWDWE=
github.com/stretchr/testify v1.12.1/go.mod h1:MDEgiDPPsNp5cuIrHPPCyornHKgEVbtFUmoNlxoYthg=
github.com/tiendc/go-deepcopy v1.7.2 h1:Ut2yYR7W9tWjTQitganoIue4UGxZwCcJy3orjrrIj44=
github.com/tiendc/go-deepcopy v1.7.2/go.mod h1:4bKjNC2r7boYOkD2IOuZpYjmlDdzjbpTRyCx+goBCJQ=
github.com/zauberhaus/lookup v1.0.2 h1:T5UW6kJG6e6iBiGuc+HHnnVHgSc6nNPvOoMxlBZhuHw=
github.com/zauberhaus/lookup v1.0.2/go.mod h1:xZJaeoJwXv6oy3XnSA1z1q3JY4grTJSKyqso56YdZ3A=
github.com/zauberhaus/random v1.1.0 h1:mJ4JVKpT0aHIuFGI9a08PN8yyOrvYzOOECP+4mJyX/s=
github.com/zauberhaus/random v1.1.0/go.mod h1:ov/UkUGUOmGAmm9Y9NucjwMBHDjB1ZxmtMk9zMEfXJg=
github.com/zauberhaus/reflect_utils v1.0.0 h1:Mc1QULdIc7UtMsdUiUBcgCGlC3wTpB7HZ4bCs0o29oA=
github.com/zauberhaus/reflect_utils v1.0.0/go.mod h1:a+5ta6P8ppnG8fT4VZJ6bXYZq4L5EqEwIJWP+R0ir/4=
github.com/zauberhaus/slice_utils v1.1.1 h1:qUGjcChrdMB+M9BssngdjmXCkfMJEzEhAzV1hL6czzw=
github.com/zauberhaus/slice_utils v1.1.1/go.mod h1:ByCUmAVng5F9C24D96VE1ay38nKioTvQ4jQwBBneNE8=
go.uber.org/mock v0.6.0 h1:hyF9dfmbgIX5EfOdasqLsWD6xqpNZlXblLB/Dbnwv3Y=
go.uber.org/mock v0.6.0/go.mod h1:KiVJ4BqZJaMj4svdfmHM0AUx4NJYO8ZNpPnZn1Z+BBU=
go.yaml.in/yaml/v3 v3.0.4/go.mod h1:DhzuOOF2ATzADvBadXxruRBLzYTpT36CKvDb3+aBEFg=
go.yaml.in/yaml/v3 v3.0.5 h1:N6y/pJk8buWs9NY5ERU2HSMfm+IuD/OtfdAnq6kESPw=
go.yaml.in/yaml/v3 v3.0.5/go.mod h1:HVTZu1O7/Vkt2N+BFy8Zza+lnLsABggaTM2ZpNIGuKg=
gopkg.in/check.v1 v0.0.0-20161208181325-20d25e280405/go.mod h1:Co6ibVJAznAaIkqp8huTwlJQCZ016jof/cbN4VW5Yz0=
